
Microsoft Visual Studio Solution File, Format Version 12.00
# Visual Studio Version 17
VisualStudioVersion = 17.2.32616.157
MinimumVisualStudioVersion = 10.0.40219.1
Project("{FAE04EC0-301F-11D3-BF4B-00C04F79EFBC}") = "Variaveis", "Variaveis\Variaveis.csproj", "{01CABA01-0561-416F-BB14-FB4FF95C94F6}"
EndProject
Project("{FAE04EC0-301F-11D3-BF4B-00C04F79EFBC}") = "EntradaSaida", "EntradaSaida\EntradaSaida.csproj", "{AC0C522A-84C4-45E6-A6BC-8EA558EC6811}"
EndProject
Project("{FAE04EC0-301F-11D3-BF4B-00C04F79EFBC}") = "ExInverterNomes", "ExInverterNomes\ExInverterNomes.csproj", "{92CE7E9D-4318-4B18-B51D-6A8E1390D2A8}"
EndProject
Project("{FAE04EC0-301F-11D3-BF4B-00C04F79EFBC}") = "Conversao", "Conversao\Conversao.csproj", "{2A9FDA70-332B-411C-93A3-68B93F0E84F2}"
EndProject
Project("{FAE04EC0-301F-11D3-BF4B-00C04F79EFBC}") = "Operadores", "Operadores\Operadores.csproj", "{709CA232-CC9B-46B8-815A-5B171455F048}"
EndProject
Project("{FAE04EC0-301F-11D3-BF4B-00C04F79EFBC}") = "Array", "Array]\Array.csproj", "{95B769E7-8840-4838-B76F-2EAE3E3CF65A}"
EndProject
Project("{FAE04EC0-301F-11D3-BF4B-00C04F79EFBC}") = "Teste", "Teste\Teste.csproj", "{2CA69CE6-566B-41CE-A070-05EE2435B6E4}"
EndProject
Project("{FAE04EC0-301F-11D3-BF4B-00C04F79EFBC}") = "ManipularString", "ManipularString\ManipularString.csproj", "{56D00D16-CD7A-40C6-9FE1-A11DE99DAD57}"
EndProject
Project("{FAE04EC0-301F-11D3-BF4B-00C04F79EFBC}") = "ManipulaçãoDeNúmeros", "ManipulaçãoDeNúmeros\ManipulaçãoDeNúmeros.csproj", "{2F9E7D12-26F2-4731-BE3C-F9C88EA32B91}"
EndProject
Project("{FAE04EC0-301F-11D3-BF4B-00C04F79EFBC}") = "Colecoes", "Colecoes\Colecoes.csproj", "{77EA2F08-AD61-4F58-9845-CAABD62CB046}"
EndProject
Project("{FAE04EC0-301F-11D3-BF4B-00C04F79EFBC}") = "ClassesImportantes", "ClassesImportantes\ClassesImportantes.csproj", "{6D69CBC7-60DA-4396-B237-9A82F0E2BD6E}"
EndProject
Project("{FAE04EC0-301F-11D3-BF4B-00C04F79EFBC}") = "ThreadConsole", "ThreadConsole\ThreadConsole.csproj", "{8D888B54-86E8-479F-8E6D-6E6C2B185DFE}"
EndProject
Project("{FAE04EC0-301F-11D3-BF4B-00C04F79EFBC}") = "ThreadForms", "ThreadForms\ThreadForms.csproj", "{00EFF9AC-665D-4561-8BAC-5EF1B75FB663}"
EndProject
Project("{FAE04EC0-301F-11D3-BF4B-00C04F79EFBC}") = "TaskConsole", "TaskConsole\TaskConsole.csproj", "{D78EB948-0CE6-46F4-8106-F54F103B2F88}"
EndProject
Project("{FAE04EC0-301F-11D3-BF4B-00C04F79EFBC}") = "Formulario", "Formulario\Formulario.csproj", "{CF6A2517-629B-4336-91CC-833EB4BA8F8B}"
EndProject
Project("{FAE04EC0-301F-11D3-BF4B-00C04F79EFBC}") = "FormControle", "FormControle\FormControle.csproj", "{282C4BAB-E4DD-4513-959F-1DB9CB9337C7}"
EndProject
Project("{FAE04EC0-301F-11D3-BF4B-00C04F79EFBC}") = "FormContainer", "FormContainer\FormContainer.csproj", "{3B70C6A3-C427-4450-A7C3-7A628F1F6EDA}"
EndProject
Project("{9A19103F-16F7-4668-BE54-9A1E7A4F7556}") = "parte001", "parte001\parte001.csproj", "{47DB5E40-8C56-4457-A79D-E3A69E304014}"
EndProject
Project("{9A19103F-16F7-4668-BE54-9A1E7A4F7556}") = "parte002", "parte002\parte002.csproj", "{8C0605FB-C780-4EFF-9EEC-92A613F51CFD}"
EndProject
Project("{9A19103F-16F7-4668-BE54-9A1E7A4F7556}") = "parte003", "parte003\parte003.csproj", "{EFE44F33-3D0A-4E21-ABDA-741E99E1AF45}"
EndProject
Project("{9A19103F-16F7-4668-BE54-9A1E7A4F7556}") = "parte004", "parte004\parte004.csproj", "{48A5719D-166F-4F25-AF4E-A62D532A061F}"
EndProject
Project("{9A19103F-16F7-4668-BE54-9A1E7A4F7556}") = "parte005", "parte005\parte005.csproj", "{318B625E-418F-4D1A-ABF3-FF61001A6B63}"
EndProject
Project("{9A19103F-16F7-4668-BE54-9A1E7A4F7556}") = "parte006", "parte006\parte006.csproj", "{6E18F35C-357F-48B6-917A-62C8F06EDC05}"
EndProject
Project("{9A19103F-16F7-4668-BE54-9A1E7A4F7556}") = "parte007", "parte007\parte007.csproj", "{97B7AB58-7011-4808-A6CE-16D418F6BC21}"
EndProject
Project("{9A19103F-16F7-4668-BE54-9A1E7A4F7556}") = "parte008", "parte008\parte008.csproj", "{C73D307D-9361-46B1-9117-CBB374C51802}"
EndProject
Project("{9A19103F-16F7-4668-BE54-9A1E7A4F7556}") = "parte009", "parte009\parte009.csproj", "{72289EA2-C0C0-4074-BE73-A0F5F125D409}"
EndProject
Project("{9A19103F-16F7-4668-BE54-9A1E7A4F7556}") = "parte010", "parte010\parte010.csproj", "{E503AED4-BDE8-4A5C-9E66-B5F76D6BAD3D}"
EndProject
Project("{9A19103F-16F7-4668-BE54-9A1E7A4F7556}") = "parte011", "parte011\parte011.csproj", "{CA77DF24-95B7-4D38-82B7-92A49CF03D4F}"
EndProject
Project("{9A19103F-16F7-4668-BE54-9A1E7A4F7556}") = "parte012", "parte012\parte012.csproj", "{C3D8B001-BEA7-46E0-AF5F-66C1EFEC010F}"
EndProject
Project("{9A19103F-16F7-4668-BE54-9A1E7A4F7556}") = "parte013", "parte013\parte013.csproj", "{D7AFA442-B124-4742-924B-7295674DE4B9}"
EndProject
Project("{9A19103F-16F7-4668-BE54-9A1E7A4F7556}") = "parte014", "parte014\parte014.csproj", "{8B9ED13C-1A78-4803-A5BB-ADFCE9D1BA04}"
EndProject
Project("{9A19103F-16F7-4668-BE54-9A1E7A4F7556}") = "parte015", "parte015\parte015.csproj", "{1CF34BF2-A667-4031-9DFB-5198A6D79448}"
EndProject
Project("{9A19103F-16F7-4668-BE54-9A1E7A4F7556}") = "parte016", "parte016\parte016.csproj", "{DF4A057A-0468-46D5-99FF-62FA5035F2F3}"
EndProject
Project("{9A19103F-16F7-4668-BE54-9A1E7A4F7556}") = "parte017", "parte017\parte017.csproj", "{97E1B054-8AE5-4008-AE55-6C27EC580741}"
EndProject
Project("{9A19103F-16F7-4668-BE54-9A1E7A4F7556}") = "parte018", "parte018\parte018.csproj", "{BF045399-AAF3-41B1-81D8-C576BF3AA3E2}"
EndProject
Project("{9A19103F-16F7-4668-BE54-9A1E7A4F7556}") = "parte019", "parte019\parte019.csproj", "{F657932A-8BEE-491D-8317-6C16652C1CAC}"
EndProject
Project("{9A19103F-16F7-4668-BE54-9A1E7A4F7556}") = "parte020", "parte020\parte020.csproj", "{7B8D8A18-AB6B-422C-8F3E-421F8B3446FC}"
EndProject
Project("{9A19103F-16F7-4668-BE54-9A1E7A4F7556}") = "parte021", "parte021\parte021.csproj", "{C11FF2F6-8AEE-4306-81FE-C001E16C73C5}"
EndProject
Project("{9A19103F-16F7-4668-BE54-9A1E7A4F7556}") = "parte022", "parte022\parte022.csproj", "{DFD4C2CD-12F8-4536-B644-1EA472E4FA79}"
EndProject
Project("{9A19103F-16F7-4668-BE54-9A1E7A4F7556}") = "parte023", "parte023\parte023.csproj", "{C9D9E406-F886-427D-821B-AC5155421894}"
EndProject
Project("{9A19103F-16F7-4668-BE54-9A1E7A4F7556}") = "parte024", "parte024\parte024.csproj", "{18BE2F55-6204-4AE9-B897-2C1F793A377C}"
EndProject
Project("{9A19103F-16F7-4668-BE54-9A1E7A4F7556}") = "parte025", "parte025\parte025.csproj", "{E0E343A3-9D1B-4D24-84FF-45138BA4DEC7}"
EndProject
Project("{9A19103F-16F7-4668-BE54-9A1E7A4F7556}") = "parte026", "parte026\parte026.csproj", "{253B2CAC-08B1-4237-92CB-8D5E068A556B}"
EndProject
Project("{9A19103F-16F7-4668-BE54-9A1E7A4F7556}") = "parte027", "parte027\parte027.csproj", "{E645351E-0102-4C94-939A-8242AA4C3029}"
EndProject
Project("{9A19103F-16F7-4668-BE54-9A1E7A4F7556}") = "parte028", "parte028\parte028.csproj", "{7257E7C9-BC49-4B74-B72A-D655C7E927D5}"
EndProject
Project("{9A19103F-16F7-4668-BE54-9A1E7A4F7556}") = "parte029", "parte029\parte029.csproj", "{7E23EC5B-CF96-4DA4-B58B-37294E22BB34}"
EndProject
Project("{9A19103F-16F7-4668-BE54-9A1E7A4F7556}") = "parte030", "parte030\parte030.csproj", "{15F7C532-FD6F-4A82-8CBE-726546E1AF53}"
EndProject
Project("{9A19103F-16F7-4668-BE54-9A1E7A4F7556}") = "parte031", "parte031\parte031.csproj", "{CF5D240B-D40B-4473-9E31-38526E2B7F06}"
EndProject
Project("{9A19103F-16F7-4668-BE54-9A1E7A4F7556}") = "parte032", "parte032\parte032.csproj", "{B5D2162F-76F0-4A41-914C-34D0D19B75F1}"
EndProject
Project("{9A19103F-16F7-4668-BE54-9A1E7A4F7556}") = "parte033", "parte033\parte033.csproj", "{6AE99851-B296-4592-AADE-307FDDDEA60A}"
EndProject
Project("{9A19103F-16F7-4668-BE54-9A1E7A4F7556}") = "parte034", "parte034\parte034.csproj", "{EDA3CECD-3D9F-4795-8717-68E11DB441BC}"
EndProject
Project("{9A19103F-16F7-4668-BE54-9A1E7A4F7556}") = "parte035", "parte035\parte035.csproj", "{5B01F171-B40B-484C-A434-66E720EB7C78}"
EndProject
Project("{9A19103F-16F7-4668-BE54-9A1E7A4F7556}") = "parte036", "parte036\parte036.csproj", "{5BBC7813-9B63-4401-8DC8-EC874E0D4DAF}"
EndProject
Project("{2150E333-8FDC-42A3-9474-1A3956D46DE8}") = "Seção 20", "Seção 20", "{02B6B171-14F0-439A-B2E6-06A591DF549C}"
EndProject
Project("{9A19103F-16F7-4668-BE54-9A1E7A4F7556}") = "parte037", "parte037\parte037.csproj", "{A9B61C58-E0BF-464D-9FA8-7AC6801D1C3A}"
EndProject
Project("{2150E333-8FDC-42A3-9474-1A3956D46DE8}") = "Seção 04", "Seção 04", "{172E71C1-3665-4675-B1E7-70065551B7E5}"
EndProject
Project("{2150E333-8FDC-42A3-9474-1A3956D46DE8}") = "Seção 05", "Seção 05", "{37397980-A8CE-4F4D-8791-B92CD3315E58}"
EndProject
Project("{2150E333-8FDC-42A3-9474-1A3956D46DE8}") = "Seção 06", "Seção 06", "{995A1CCD-27D2-470C-8E10-3623820ACA4A}"
EndProject
Project("{2150E333-8FDC-42A3-9474-1A3956D46DE8}") = "Seção 07", "Seção 07", "{5B5B020B-6161-4222-902A-610A7B00226E}"
EndProject
Project("{2150E333-8FDC-42A3-9474-1A3956D46DE8}") = "Seção 08", "Seção 08", "{645DB41C-E050-4784-A8DA-5D381B7DEB4F}"
EndProject
Project("{2150E333-8FDC-42A3-9474-1A3956D46DE8}") = "Seção 14", "Seção 14", "{E77FF5B1-7A9F-4574-A658-518F0C6968CA}"
EndProject
Project("{2150E333-8FDC-42A3-9474-1A3956D46DE8}") = "Seção 15", "Seção 15", "{CE80AC20-997F-4D45-9A15-89662D60FED4}"
EndProject
Project("{2150E333-8FDC-42A3-9474-1A3956D46DE8}") = "Seção 16", "Seção 16", "{1644F9C9-7DD4-4377-9547-F591DD867A35}"
EndProject
Project("{2150E333-8FDC-42A3-9474-1A3956D46DE8}") = "Seção 17", "Seção 17", "{09808340-C12A-46F9-A335-B6E64B84E236}"
EndProject
Project("{2150E333-8FDC-42A3-9474-1A3956D46DE8}") = "Seção 18", "Seção 18", "{9E807712-CE3C-48DC-AE9D-CFFA749B19EB}"
EndProject
Project("{2150E333-8FDC-42A3-9474-1A3956D46DE8}") = "Seção 19", "Seção 19", "{9A57A006-CF73-48DB-8A12-844D7227CB3F}"
EndProject
Project("{9A19103F-16F7-4668-BE54-9A1E7A4F7556}") = "parte038", "parte038\parte038.csproj", "{1A649121-9444-47D7-851A-DB45D7650A65}"
EndProject
Project("{9A19103F-16F7-4668-BE54-9A1E7A4F7556}") = "parte039", "parte039\parte039.csproj", "{692FF77D-AD89-4818-9F44-EA50C55BA8B1}"
EndProject
Project("{9A19103F-16F7-4668-BE54-9A1E7A4F7556}") = "parte040", "parte040\parte040.csproj", "{DCCE8507-13FC-457B-9BD4-4A1FAD22514A}"
EndProject
Project("{9A19103F-16F7-4668-BE54-9A1E7A4F7556}") = "parte041", "parte041\parte041.csproj", "{85E4C59C-222D-4FF5-A96E-9CC790CF224E}"
EndProject
Project("{9A19103F-16F7-4668-BE54-9A1E7A4F7556}") = "parte042", "parte042\parte042.csproj", "{62DABA7C-50DC-449F-A4A9-CE7638146114}"
EndProject
Project("{9A19103F-16F7-4668-BE54-9A1E7A4F7556}") = "parte043", "parte043\parte043.csproj", "{445BF4AA-4E38-4750-8BC7-24FF2167C836}"
EndProject
Project("{2150E333-8FDC-42A3-9474-1A3956D46DE8}") = "Seção 21", "Seção 21", "{40B83D52-04A6-4A01-A8D7-DBA9853A864D}"
EndProject
Project("{9A19103F-16F7-4668-BE54-9A1E7A4F7556}") = "ControleDeErros", "ControleDeErros\ControleDeErros.csproj", "{B03E2F47-154F-414D-BAEE-D71BD9D32F0B}"
EndProject
Project("{2150E333-8FDC-42A3-9474-1A3956D46DE8}") = "Seção 22", "Seção 22", "{31231262-3795-475B-B645-C27C8D3D1AEE}"
EndProject
Project("{9A19103F-16F7-4668-BE54-9A1E7A4F7556}") = "Arquivo", "Arquivo\Arquivo.csproj", "{7BC715DD-EF46-4A57-80F0-B678A0BCF2BD}"
EndProject
Project("{9A19103F-16F7-4668-BE54-9A1E7A4F7556}") = "ArquivoInfo", "ArquivoInfo\ArquivoInfo.csproj", "{93557D21-8DD0-43C2-B9EA-D0334DBA53EA}"
EndProject
Project("{9A19103F-16F7-4668-BE54-9A1E7A4F7556}") = "Diretorio", "Diretorio\Diretorio.csproj", "{EB1AC690-E400-48D3-A28E-028E0E1D07F2}"
EndProject
Project("{9A19103F-16F7-4668-BE54-9A1E7A4F7556}") = "DirInfo", "DirInfo\DirInfo.csproj", "{C53AE9AF-44F9-4E2F-A6E7-767757D30E24}"
EndProject
Project("{9A19103F-16F7-4668-BE54-9A1E7A4F7556}") = "LerEscrever", "LerEscrever\LerEscrever.csproj", "{C0F387B2-6615-479B-93C6-9F66AB07FF31}"
EndProject
Project("{2150E333-8FDC-42A3-9474-1A3956D46DE8}") = "Seção 23", "Seção 23", "{A0E3D622-A288-42D9-8641-6904F7F9A8C7}"
EndProject
Project("{FAE04EC0-301F-11D3-BF4B-00C04F79EFBC}") = "BaseDeDados", "BaseDeDados\BaseDeDados.csproj", "{DFC05206-33B8-4F30-8827-B173A5C5000A}"
EndProject
Project("{2150E333-8FDC-42A3-9474-1A3956D46DE8}") = "Seção 24", "Seção 24", "{0366C2A1-943A-4662-882E-66B74EFE2165}"
EndProject
Project("{FAE04EC0-301F-11D3-BF4B-00C04F79EFBC}") = "LINQ1", "LINQ1\LINQ1.csproj", "{D11FD325-F422-43BB-8193-FA84D0F443CB}"
EndProject
Project("{2150E333-8FDC-42A3-9474-1A3956D46DE8}") = "Seção 25", "Seção 25", "{96A7CA0F-35F6-4AE4-A952-0203B1E16466}"
EndProject
Project("{FAE04EC0-301F-11D3-BF4B-00C04F79EFBC}") = "GDIPlus", "GDIPlus\GDIPlus.csproj", "{96D03C0F-CA7B-43B6-A7EC-BDD8AA60BA5F}"
EndProject
Project("{2150E333-8FDC-42A3-9474-1A3956D46DE8}") = "Seção 26", "Seção 26", "{3F3BE050-EF15-4203-B4C6-52CB8E2F6462}"
EndProject
Project("{FAE04EC0-301F-11D3-BF4B-00C04F79EFBC}") = "Imprimir", "Imprimir\Imprimir.csproj", "{38195581-43DE-4896-9C1A-334B4CF9FC06}"
EndProject
Project("{2150E333-8FDC-42A3-9474-1A3956D46DE8}") = "Seção 27", "Seção 27", "{A8B231E7-1651-4BAB-9268-0D00D5484D86}"
EndProject
Project("{FAE04EC0-301F-11D3-BF4B-00C04F79EFBC}") = "SocketServer", "SocketServer\SocketServer.csproj", "{5273D32C-9021-4601-9CAD-3C22A5FC986C}"
EndProject
Project("{FAE04EC0-301F-11D3-BF4B-00C04F79EFBC}") = "SocketClient", "SocketClient\SocketClient.csproj", "{A421DEA1-180B-4BB9-B444-66C9C599EA36}"
EndProject
Project("{FAE04EC0-301F-11D3-BF4B-00C04F79EFBC}") = "TransferirArquivoServer", "TransferirArquivoServer\TransferirArquivoServer.csproj", "{D910B24A-4D05-4E3E-9EA2-05B6D70E7B51}"
EndProject
Project("{FAE04EC0-301F-11D3-BF4B-00C04F79EFBC}") = "TransferenciaArquivoCliente", "TransferenciaArquivoCliente\TransferenciaArquivoCliente.csproj", "{5FC87C7A-8126-4A47-999C-2246ED9D2733}"
EndProject
Project("{FAE04EC0-301F-11D3-BF4B-00C04F79EFBC}") = "ChatServer", "ChatServer\ChatServer.csproj", "{C132FF1D-7C7A-4A61-AA18-468020E0BB6E}"
EndProject
Project("{FAE04EC0-301F-11D3-BF4B-00C04F79EFBC}") = "ChatCliente", "ChatCliente\ChatCliente.csproj", "{EC4700DC-ABD4-441A-B72B-B7D7553FC64D}"
EndProject
Project("{2150E333-8FDC-42A3-9474-1A3956D46DE8}") = "Seção 29", "Seção 29", "{11A1D987-B66F-4BEB-9DC9-7BDB1709022D}"
EndProject
Project("{FAE04EC0-301F-11D3-BF4B-00C04F79EFBC}") = "CriptoStringMD5", "CriptoStringMD5\CriptoStringMD5.csproj", "{C4FCC1E6-405A-4187-ADBD-F929A17E6B7E}"
EndProject
Project("{FAE04EC0-301F-11D3-BF4B-00C04F79EFBC}") = "CriptoFile", "CriptoFile\CriptoFile.csproj", "{54E1F0B7-52F7-4486-A505-7C33FCF084DA}"
EndProject
Project("{2150E333-8FDC-42A3-9474-1A3956D46DE8}") = "Seção 31", "Seção 31", "{1E21E466-0A0B-44AC-A3C4-BF39B0F9E9F9}"
EndProject
Project("{FAE04EC0-301F-11D3-BF4B-00C04F79EFBC}") = "ExemploAsync", "ExemploAsync\ExemploAsync.csproj", "{B6BD6B16-9896-4A3F-9458-CB30A25D1635}"
EndProject
Global
	GlobalSection(SolutionConfigurationPlatforms) = preSolution
		Debug|Any CPU = Debug|Any CPU
		Release|Any CPU = Release|Any CPU
	EndGlobalSection
	GlobalSection(ProjectConfigurationPlatforms) = postSolution
		{01CABA01-0561-416F-BB14-FB4FF95C94F6}.Debug|Any CPU.ActiveCfg = Debug|Any CPU
		{01CABA01-0561-416F-BB14-FB4FF95C94F6}.Debug|Any CPU.Build.0 = Debug|Any CPU
		{01CABA01-0561-416F-BB14-FB4FF95C94F6}.Release|Any CPU.ActiveCfg = Release|Any CPU
		{01CABA01-0561-416F-BB14-FB4FF95C94F6}.Release|Any CPU.Build.0 = Release|Any CPU
		{AC0C522A-84C4-45E6-A6BC-8EA558EC6811}.Debug|Any CPU.ActiveCfg = Debug|Any CPU
		{AC0C522A-84C4-45E6-A6BC-8EA558EC6811}.Debug|Any CPU.Build.0 = Debug|Any CPU
		{AC0C522A-84C4-45E6-A6BC-8EA558EC6811}.Release|Any CPU.ActiveCfg = Release|Any CPU
		{AC0C522A-84C4-45E6-A6BC-8EA558EC6811}.Release|Any CPU.Build.0 = Release|Any CPU
		{92CE7E9D-4318-4B18-B51D-6A8E1390D2A8}.Debug|Any CPU.ActiveCfg = Debug|Any CPU
		{92CE7E9D-4318-4B18-B51D-6A8E1390D2A8}.Debug|Any CPU.Build.0 = Debug|Any CPU
		{92CE7E9D-4318-4B18-B51D-6A8E1390D2A8}.Release|Any CPU.ActiveCfg = Release|Any CPU
		{92CE7E9D-4318-4B18-B51D-6A8E1390D2A8}.Release|Any CPU.Build.0 = Release|Any CPU
		{2A9FDA70-332B-411C-93A3-68B93F0E84F2}.Debug|Any CPU.ActiveCfg = Debug|Any CPU
		{2A9FDA70-332B-411C-93A3-68B93F0E84F2}.Debug|Any CPU.Build.0 = Debug|Any CPU
		{2A9FDA70-332B-411C-93A3-68B93F0E84F2}.Release|Any CPU.ActiveCfg = Release|Any CPU
		{2A9FDA70-332B-411C-93A3-68B93F0E84F2}.Release|Any CPU.Build.0 = Release|Any CPU
		{709CA232-CC9B-46B8-815A-5B171455F048}.Debug|Any CPU.ActiveCfg = Debug|Any CPU
		{709CA232-CC9B-46B8-815A-5B171455F048}.Debug|Any CPU.Build.0 = Debug|Any CPU
		{709CA232-CC9B-46B8-815A-5B171455F048}.Release|Any CPU.ActiveCfg = Release|Any CPU
		{709CA232-CC9B-46B8-815A-5B171455F048}.Release|Any CPU.Build.0 = Release|Any CPU
		{95B769E7-8840-4838-B76F-2EAE3E3CF65A}.Debug|Any CPU.ActiveCfg = Debug|Any CPU
		{95B769E7-8840-4838-B76F-2EAE3E3CF65A}.Debug|Any CPU.Build.0 = Debug|Any CPU
		{95B769E7-8840-4838-B76F-2EAE3E3CF65A}.Release|Any CPU.ActiveCfg = Release|Any CPU
		{95B769E7-8840-4838-B76F-2EAE3E3CF65A}.Release|Any CPU.Build.0 = Release|Any CPU
		{2CA69CE6-566B-41CE-A070-05EE2435B6E4}.Debug|Any CPU.ActiveCfg = Debug|Any CPU
		{2CA69CE6-566B-41CE-A070-05EE2435B6E4}.Debug|Any CPU.Build.0 = Debug|Any CPU
		{2CA69CE6-566B-41CE-A070-05EE2435B6E4}.Release|Any CPU.ActiveCfg = Release|Any CPU
		{2CA69CE6-566B-41CE-A070-05EE2435B6E4}.Release|Any CPU.Build.0 = Release|Any CPU
		{56D00D16-CD7A-40C6-9FE1-A11DE99DAD57}.Debug|Any CPU.ActiveCfg = Debug|Any CPU
		{56D00D16-CD7A-40C6-9FE1-A11DE99DAD57}.Debug|Any CPU.Build.0 = Debug|Any CPU
		{56D00D16-CD7A-40C6-9FE1-A11DE99DAD57}.Release|Any CPU.ActiveCfg = Release|Any CPU
		{56D00D16-CD7A-40C6-9FE1-A11DE99DAD57}.Release|Any CPU.Build.0 = Release|Any CPU
		{2F9E7D12-26F2-4731-BE3C-F9C88EA32B91}.Debug|Any CPU.ActiveCfg = Debug|Any CPU
		{2F9E7D12-26F2-4731-BE3C-F9C88EA32B91}.Debug|Any CPU.Build.0 = Debug|Any CPU
		{2F9E7D12-26F2-4731-BE3C-F9C88EA32B91}.Release|Any CPU.ActiveCfg = Release|Any CPU
		{2F9E7D12-26F2-4731-BE3C-F9C88EA32B91}.Release|Any CPU.Build.0 = Release|Any CPU
		{77EA2F08-AD61-4F58-9845-CAABD62CB046}.Debug|Any CPU.ActiveCfg = Debug|Any CPU
		{77EA2F08-AD61-4F58-9845-CAABD62CB046}.Debug|Any CPU.Build.0 = Debug|Any CPU
		{77EA2F08-AD61-4F58-9845-CAABD62CB046}.Release|Any CPU.ActiveCfg = Release|Any CPU
		{77EA2F08-AD61-4F58-9845-CAABD62CB046}.Release|Any CPU.Build.0 = Release|Any CPU
		{6D69CBC7-60DA-4396-B237-9A82F0E2BD6E}.Debug|Any CPU.ActiveCfg = Debug|Any CPU
		{6D69CBC7-60DA-4396-B237-9A82F0E2BD6E}.Debug|Any CPU.Build.0 = Debug|Any CPU
		{6D69CBC7-60DA-4396-B237-9A82F0E2BD6E}.Release|Any CPU.ActiveCfg = Release|Any CPU
		{6D69CBC7-60DA-4396-B237-9A82F0E2BD6E}.Release|Any CPU.Build.0 = Release|Any CPU
		{8D888B54-86E8-479F-8E6D-6E6C2B185DFE}.Debug|Any CPU.ActiveCfg = Debug|Any CPU
		{8D888B54-86E8-479F-8E6D-6E6C2B185DFE}.Debug|Any CPU.Build.0 = Debug|Any CPU
		{8D888B54-86E8-479F-8E6D-6E6C2B185DFE}.Release|Any CPU.ActiveCfg = Release|Any CPU
		{8D888B54-86E8-479F-8E6D-6E6C2B185DFE}.Release|Any CPU.Build.0 = Release|Any CPU
		{00EFF9AC-665D-4561-8BAC-5EF1B75FB663}.Debug|Any CPU.ActiveCfg = Debug|Any CPU
		{00EFF9AC-665D-4561-8BAC-5EF1B75FB663}.Debug|Any CPU.Build.0 = Debug|Any CPU
		{00EFF9AC-665D-4561-8BAC-5EF1B75FB663}.Release|Any CPU.ActiveCfg = Release|Any CPU
		{00EFF9AC-665D-4561-8BAC-5EF1B75FB663}.Release|Any CPU.Build.0 = Release|Any CPU
		{D78EB948-0CE6-46F4-8106-F54F103B2F88}.Debug|Any CPU.ActiveCfg = Debug|Any CPU
		{D78EB948-0CE6-46F4-8106-F54F103B2F88}.Debug|Any CPU.Build.0 = Debug|Any CPU
		{D78EB948-0CE6-46F4-8106-F54F103B2F88}.Release|Any CPU.ActiveCfg = Release|Any CPU
		{D78EB948-0CE6-46F4-8106-F54F103B2F88}.Release|Any CPU.Build.0 = Release|Any CPU
		{CF6A2517-629B-4336-91CC-833EB4BA8F8B}.Debug|Any CPU.ActiveCfg = Debug|Any CPU
		{CF6A2517-629B-4336-91CC-833EB4BA8F8B}.Debug|Any CPU.Build.0 = Debug|Any CPU
		{CF6A2517-629B-4336-91CC-833EB4BA8F8B}.Release|Any CPU.ActiveCfg = Release|Any CPU
		{CF6A2517-629B-4336-91CC-833EB4BA8F8B}.Release|Any CPU.Build.0 = Release|Any CPU
		{282C4BAB-E4DD-4513-959F-1DB9CB9337C7}.Debug|Any CPU.ActiveCfg = Debug|Any CPU
		{282C4BAB-E4DD-4513-959F-1DB9CB9337C7}.Debug|Any CPU.Build.0 = Debug|Any CPU
		{282C4BAB-E4DD-4513-959F-1DB9CB9337C7}.Release|Any CPU.ActiveCfg = Release|Any CPU
		{282C4BAB-E4DD-4513-959F-1DB9CB9337C7}.Release|Any CPU.Build.0 = Release|Any CPU
		{3B70C6A3-C427-4450-A7C3-7A628F1F6EDA}.Debug|Any CPU.ActiveCfg = Debug|Any CPU
		{3B70C6A3-C427-4450-A7C3-7A628F1F6EDA}.Debug|Any CPU.Build.0 = Debug|Any CPU
		{3B70C6A3-C427-4450-A7C3-7A628F1F6EDA}.Release|Any CPU.ActiveCfg = Release|Any CPU
		{3B70C6A3-C427-4450-A7C3-7A628F1F6EDA}.Release|Any CPU.Build.0 = Release|Any CPU
		{47DB5E40-8C56-4457-A79D-E3A69E304014}.Debug|Any CPU.ActiveCfg = Debug|Any CPU
		{47DB5E40-8C56-4457-A79D-E3A69E304014}.Debug|Any CPU.Build.0 = Debug|Any CPU
		{47DB5E40-8C56-4457-A79D-E3A69E304014}.Release|Any CPU.ActiveCfg = Release|Any CPU
		{47DB5E40-8C56-4457-A79D-E3A69E304014}.Release|Any CPU.Build.0 = Release|Any CPU
		{8C0605FB-C780-4EFF-9EEC-92A613F51CFD}.Debug|Any CPU.ActiveCfg = Debug|Any CPU
		{8C0605FB-C780-4EFF-9EEC-92A613F51CFD}.Debug|Any CPU.Build.0 = Debug|Any CPU
		{8C0605FB-C780-4EFF-9EEC-92A613F51CFD}.Release|Any CPU.ActiveCfg = Release|Any CPU
		{8C0605FB-C780-4EFF-9EEC-92A613F51CFD}.Release|Any CPU.Build.0 = Release|Any CPU
		{EFE44F33-3D0A-4E21-ABDA-741E99E1AF45}.Debug|Any CPU.ActiveCfg = Debug|Any CPU
		{EFE44F33-3D0A-4E21-ABDA-741E99E1AF45}.Debug|Any CPU.Build.0 = Debug|Any CPU
		{EFE44F33-3D0A-4E21-ABDA-741E99E1AF45}.Release|Any CPU.ActiveCfg = Release|Any CPU
		{EFE44F33-3D0A-4E21-ABDA-741E99E1AF45}.Release|Any CPU.Build.0 = Release|Any CPU
		{48A5719D-166F-4F25-AF4E-A62D532A061F}.Debug|Any CPU.ActiveCfg = Debug|Any CPU
		{48A5719D-166F-4F25-AF4E-A62D532A061F}.Debug|Any CPU.Build.0 = Debug|Any CPU
		{48A5719D-166F-4F25-AF4E-A62D532A061F}.Release|Any CPU.ActiveCfg = Release|Any CPU
		{48A5719D-166F-4F25-AF4E-A62D532A061F}.Release|Any CPU.Build.0 = Release|Any CPU
		{318B625E-418F-4D1A-ABF3-FF61001A6B63}.Debug|Any CPU.ActiveCfg = Debug|Any CPU
		{318B625E-418F-4D1A-ABF3-FF61001A6B63}.Debug|Any CPU.Build.0 = Debug|Any CPU
		{318B625E-418F-4D1A-ABF3-FF61001A6B63}.Release|Any CPU.ActiveCfg = Release|Any CPU
		{318B625E-418F-4D1A-ABF3-FF61001A6B63}.Release|Any CPU.Build.0 = Release|Any CPU
		{6E18F35C-357F-48B6-917A-62C8F06EDC05}.Debug|Any CPU.ActiveCfg = Debug|Any CPU
		{6E18F35C-357F-48B6-917A-62C8F06EDC05}.Debug|Any CPU.Build.0 = Debug|Any CPU
		{6E18F35C-357F-48B6-917A-62C8F06EDC05}.Release|Any CPU.ActiveCfg = Release|Any CPU
		{6E18F35C-357F-48B6-917A-62C8F06EDC05}.Release|Any CPU.Build.0 = Release|Any CPU
		{97B7AB58-7011-4808-A6CE-16D418F6BC21}.Debug|Any CPU.ActiveCfg = Debug|Any CPU
		{97B7AB58-7011-4808-A6CE-16D418F6BC21}.Debug|Any CPU.Build.0 = Debug|Any CPU
		{97B7AB58-7011-4808-A6CE-16D418F6BC21}.Release|Any CPU.ActiveCfg = Release|Any CPU
		{97B7AB58-7011-4808-A6CE-16D418F6BC21}.Release|Any CPU.Build.0 = Release|Any CPU
		{C73D307D-9361-46B1-9117-CBB374C51802}.Debug|Any CPU.ActiveCfg = Debug|Any CPU
		{C73D307D-9361-46B1-9117-CBB374C51802}.Debug|Any CPU.Build.0 = Debug|Any CPU
		{C73D307D-9361-46B1-9117-CBB374C51802}.Release|Any CPU.ActiveCfg = Release|Any CPU
		{C73D307D-9361-46B1-9117-CBB374C51802}.Release|Any CPU.Build.0 = Release|Any CPU
		{72289EA2-C0C0-4074-BE73-A0F5F125D409}.Debug|Any CPU.ActiveCfg = Debug|Any CPU
		{72289EA2-C0C0-4074-BE73-A0F5F125D409}.Debug|Any CPU.Build.0 = Debug|Any CPU
		{72289EA2-C0C0-4074-BE73-A0F5F125D409}.Release|Any CPU.ActiveCfg = Release|Any CPU
		{72289EA2-C0C0-4074-BE73-A0F5F125D409}.Release|Any CPU.Build.0 = Release|Any CPU
		{E503AED4-BDE8-4A5C-9E66-B5F76D6BAD3D}.Debug|Any CPU.ActiveCfg = Debug|Any CPU
		{E503AED4-BDE8-4A5C-9E66-B5F76D6BAD3D}.Debug|Any CPU.Build.0 = Debug|Any CPU
		{E503AED4-BDE8-4A5C-9E66-B5F76D6BAD3D}.Release|Any CPU.ActiveCfg = Release|Any CPU
		{E503AED4-BDE8-4A5C-9E66-B5F76D6BAD3D}.Release|Any CPU.Build.0 = Release|Any CPU
		{CA77DF24-95B7-4D38-82B7-92A49CF03D4F}.Debug|Any CPU.ActiveCfg = Debug|Any CPU
		{CA77DF24-95B7-4D38-82B7-92A49CF03D4F}.Debug|Any CPU.Build.0 = Debug|Any CPU
		{CA77DF24-95B7-4D38-82B7-92A49CF03D4F}.Release|Any CPU.ActiveCfg = Release|Any CPU
		{CA77DF24-95B7-4D38-82B7-92A49CF03D4F}.Release|Any CPU.Build.0 = Release|Any CPU
		{C3D8B001-BEA7-46E0-AF5F-66C1EFEC010F}.Debug|Any CPU.ActiveCfg = Debug|Any CPU
		{C3D8B001-BEA7-46E0-AF5F-66C1EFEC010F}.Debug|Any CPU.Build.0 = Debug|Any CPU
		{C3D8B001-BEA7-46E0-AF5F-66C1EFEC010F}.Release|Any CPU.ActiveCfg = Release|Any CPU
		{C3D8B001-BEA7-46E0-AF5F-66C1EFEC010F}.Release|Any CPU.Build.0 = Release|Any CPU
		{D7AFA442-B124-4742-924B-7295674DE4B9}.Debug|Any CPU.ActiveCfg = Debug|Any CPU
		{D7AFA442-B124-4742-924B-7295674DE4B9}.Debug|Any CPU.Build.0 = Debug|Any CPU
		{D7AFA442-B124-4742-924B-7295674DE4B9}.Release|Any CPU.ActiveCfg = Release|Any CPU
		{D7AFA442-B124-4742-924B-7295674DE4B9}.Release|Any CPU.Build.0 = Release|Any CPU
		{8B9ED13C-1A78-4803-A5BB-ADFCE9D1BA04}.Debug|Any CPU.ActiveCfg = Debug|Any CPU
		{8B9ED13C-1A78-4803-A5BB-ADFCE9D1BA04}.Debug|Any CPU.Build.0 = Debug|Any CPU
		{8B9ED13C-1A78-4803-A5BB-ADFCE9D1BA04}.Release|Any CPU.ActiveCfg = Release|Any CPU
		{8B9ED13C-1A78-4803-A5BB-ADFCE9D1BA04}.Release|Any CPU.Build.0 = Release|Any CPU
		{1CF34BF2-A667-4031-9DFB-5198A6D79448}.Debug|Any CPU.ActiveCfg = Debug|Any CPU
		{1CF34BF2-A667-4031-9DFB-5198A6D79448}.Debug|Any CPU.Build.0 = Debug|Any CPU
		{1CF34BF2-A667-4031-9DFB-5198A6D79448}.Release|Any CPU.ActiveCfg = Release|Any CPU
		{1CF34BF2-A667-4031-9DFB-5198A6D79448}.Release|Any CPU.Build.0 = Release|Any CPU
		{DF4A057A-0468-46D5-99FF-62FA5035F2F3}.Debug|Any CPU.ActiveCfg = Debug|Any CPU
		{DF4A057A-0468-46D5-99FF-62FA5035F2F3}.Debug|Any CPU.Build.0 = Debug|Any CPU
		{DF4A057A-0468-46D5-99FF-62FA5035F2F3}.Release|Any CPU.ActiveCfg = Release|Any CPU
		{DF4A057A-0468-46D5-99FF-62FA5035F2F3}.Release|Any CPU.Build.0 = Release|Any CPU
		{97E1B054-8AE5-4008-AE55-6C27EC580741}.Debug|Any CPU.ActiveCfg = Debug|Any CPU
		{97E1B054-8AE5-4008-AE55-6C27EC580741}.Debug|Any CPU.Build.0 = Debug|Any CPU
		{97E1B054-8AE5-4008-AE55-6C27EC580741}.Release|Any CPU.ActiveCfg = Release|Any CPU
		{97E1B054-8AE5-4008-AE55-6C27EC580741}.Release|Any CPU.Build.0 = Release|Any CPU
		{BF045399-AAF3-41B1-81D8-C576BF3AA3E2}.Debug|Any CPU.ActiveCfg = Debug|Any CPU
		{BF045399-AAF3-41B1-81D8-C576BF3AA3E2}.Debug|Any CPU.Build.0 = Debug|Any CPU
		{BF045399-AAF3-41B1-81D8-C576BF3AA3E2}.Release|Any CPU.ActiveCfg = Release|Any CPU
		{BF045399-AAF3-41B1-81D8-C576BF3AA3E2}.Release|Any CPU.Build.0 = Release|Any CPU
		{F657932A-8BEE-491D-8317-6C16652C1CAC}.Debug|Any CPU.ActiveCfg = Debug|Any CPU
		{F657932A-8BEE-491D-8317-6C16652C1CAC}.Debug|Any CPU.Build.0 = Debug|Any CPU
		{F657932A-8BEE-491D-8317-6C16652C1CAC}.Release|Any CPU.ActiveCfg = Release|Any CPU
		{F657932A-8BEE-491D-8317-6C16652C1CAC}.Release|Any CPU.Build.0 = Release|Any CPU
		{7B8D8A18-AB6B-422C-8F3E-421F8B3446FC}.Debug|Any CPU.ActiveCfg = Debug|Any CPU
		{7B8D8A18-AB6B-422C-8F3E-421F8B3446FC}.Debug|Any CPU.Build.0 = Debug|Any CPU
		{7B8D8A18-AB6B-422C-8F3E-421F8B3446FC}.Release|Any CPU.ActiveCfg = Release|Any CPU
		{7B8D8A18-AB6B-422C-8F3E-421F8B3446FC}.Release|Any CPU.Build.0 = Release|Any CPU
		{C11FF2F6-8AEE-4306-81FE-C001E16C73C5}.Debug|Any CPU.ActiveCfg = Debug|Any CPU
		{C11FF2F6-8AEE-4306-81FE-C001E16C73C5}.Debug|Any CPU.Build.0 = Debug|Any CPU
		{C11FF2F6-8AEE-4306-81FE-C001E16C73C5}.Release|Any CPU.ActiveCfg = Release|Any CPU
		{C11FF2F6-8AEE-4306-81FE-C001E16C73C5}.Release|Any CPU.Build.0 = Release|Any CPU
		{DFD4C2CD-12F8-4536-B644-1EA472E4FA79}.Debug|Any CPU.ActiveCfg = Debug|Any CPU
		{DFD4C2CD-12F8-4536-B644-1EA472E4FA79}.Debug|Any CPU.Build.0 = Debug|Any CPU
		{DFD4C2CD-12F8-4536-B644-1EA472E4FA79}.Release|Any CPU.ActiveCfg = Release|Any CPU
		{DFD4C2CD-12F8-4536-B644-1EA472E4FA79}.Release|Any CPU.Build.0 = Release|Any CPU
		{C9D9E406-F886-427D-821B-AC5155421894}.Debug|Any CPU.ActiveCfg = Debug|Any CPU
		{C9D9E406-F886-427D-821B-AC5155421894}.Debug|Any CPU.Build.0 = Debug|Any CPU
		{C9D9E406-F886-427D-821B-AC5155421894}.Release|Any CPU.ActiveCfg = Release|Any CPU
		{C9D9E406-F886-427D-821B-AC5155421894}.Release|Any CPU.Build.0 = Release|Any CPU
		{18BE2F55-6204-4AE9-B897-2C1F793A377C}.Debug|Any CPU.ActiveCfg = Debug|Any CPU
		{18BE2F55-6204-4AE9-B897-2C1F793A377C}.Debug|Any CPU.Build.0 = Debug|Any CPU
		{18BE2F55-6204-4AE9-B897-2C1F793A377C}.Release|Any CPU.ActiveCfg = Release|Any CPU
		{18BE2F55-6204-4AE9-B897-2C1F793A377C}.Release|Any CPU.Build.0 = Release|Any CPU
		{E0E343A3-9D1B-4D24-84FF-45138BA4DEC7}.Debug|Any CPU.ActiveCfg = Debug|Any CPU
		{E0E343A3-9D1B-4D24-84FF-45138BA4DEC7}.Debug|Any CPU.Build.0 = Debug|Any CPU
		{E0E343A3-9D1B-4D24-84FF-45138BA4DEC7}.Release|Any CPU.ActiveCfg = Release|Any CPU
		{E0E343A3-9D1B-4D24-84FF-45138BA4DEC7}.Release|Any CPU.Build.0 = Release|Any CPU
		{253B2CAC-08B1-4237-92CB-8D5E068A556B}.Debug|Any CPU.ActiveCfg = Debug|Any CPU
		{253B2CAC-08B1-4237-92CB-8D5E068A556B}.Debug|Any CPU.Build.0 = Debug|Any CPU
		{253B2CAC-08B1-4237-92CB-8D5E068A556B}.Release|Any CPU.ActiveCfg = Release|Any CPU
		{253B2CAC-08B1-4237-92CB-8D5E068A556B}.Release|Any CPU.Build.0 = Release|Any CPU
		{E645351E-0102-4C94-939A-8242AA4C3029}.Debug|Any CPU.ActiveCfg = Debug|Any CPU
		{E645351E-0102-4C94-939A-8242AA4C3029}.Debug|Any CPU.Build.0 = Debug|Any CPU
		{E645351E-0102-4C94-939A-8242AA4C3029}.Release|Any CPU.ActiveCfg = Release|Any CPU
		{E645351E-0102-4C94-939A-8242AA4C3029}.Release|Any CPU.Build.0 = Release|Any CPU
		{7257E7C9-BC49-4B74-B72A-D655C7E927D5}.Debug|Any CPU.ActiveCfg = Debug|Any CPU
		{7257E7C9-BC49-4B74-B72A-D655C7E927D5}.Debug|Any CPU.Build.0 = Debug|Any CPU
		{7257E7C9-BC49-4B74-B72A-D655C7E927D5}.Release|Any CPU.ActiveCfg = Release|Any CPU
		{7257E7C9-BC49-4B74-B72A-D655C7E927D5}.Release|Any CPU.Build.0 = Release|Any CPU
		{7E23EC5B-CF96-4DA4-B58B-37294E22BB34}.Debug|Any CPU.ActiveCfg = Debug|Any CPU
		{7E23EC5B-CF96-4DA4-B58B-37294E22BB34}.Debug|Any CPU.Build.0 = Debug|Any CPU
		{7E23EC5B-CF96-4DA4-B58B-37294E22BB34}.Release|Any CPU.ActiveCfg = Release|Any CPU
		{7E23EC5B-CF96-4DA4-B58B-37294E22BB34}.Release|Any CPU.Build.0 = Release|Any CPU
		{15F7C532-FD6F-4A82-8CBE-726546E1AF53}.Debug|Any CPU.ActiveCfg = Debug|Any CPU
		{15F7C532-FD6F-4A82-8CBE-726546E1AF53}.Debug|Any CPU.Build.0 = Debug|Any CPU
		{15F7C532-FD6F-4A82-8CBE-726546E1AF53}.Release|Any CPU.ActiveCfg = Release|Any CPU
		{15F7C532-FD6F-4A82-8CBE-726546E1AF53}.Release|Any CPU.Build.0 = Release|Any CPU
		{CF5D240B-D40B-4473-9E31-38526E2B7F06}.Debug|Any CPU.ActiveCfg = Debug|Any CPU
		{CF5D240B-D40B-4473-9E31-38526E2B7F06}.Debug|Any CPU.Build.0 = Debug|Any CPU
		{CF5D240B-D40B-4473-9E31-38526E2B7F06}.Release|Any CPU.ActiveCfg = Release|Any CPU
		{CF5D240B-D40B-4473-9E31-38526E2B7F06}.Release|Any CPU.Build.0 = Release|Any CPU
		{B5D2162F-76F0-4A41-914C-34D0D19B75F1}.Debug|Any CPU.ActiveCfg = Debug|Any CPU
		{B5D2162F-76F0-4A41-914C-34D0D19B75F1}.Debug|Any CPU.Build.0 = Debug|Any CPU
		{B5D2162F-76F0-4A41-914C-34D0D19B75F1}.Release|Any CPU.ActiveCfg = Release|Any CPU
		{B5D2162F-76F0-4A41-914C-34D0D19B75F1}.Release|Any CPU.Build.0 = Release|Any CPU
		{6AE99851-B296-4592-AADE-307FDDDEA60A}.Debug|Any CPU.ActiveCfg = Debug|Any CPU
		{6AE99851-B296-4592-AADE-307FDDDEA60A}.Debug|Any CPU.Build.0 = Debug|Any CPU
		{6AE99851-B296-4592-AADE-307FDDDEA60A}.Release|Any CPU.ActiveCfg = Release|Any CPU
		{6AE99851-B296-4592-AADE-307FDDDEA60A}.Release|Any CPU.Build.0 = Release|Any CPU
		{EDA3CECD-3D9F-4795-8717-68E11DB441BC}.Debug|Any CPU.ActiveCfg = Debug|Any CPU
		{EDA3CECD-3D9F-4795-8717-68E11DB441BC}.Debug|Any CPU.Build.0 = Debug|Any CPU
		{EDA3CECD-3D9F-4795-8717-68E11DB441BC}.Release|Any CPU.ActiveCfg = Release|Any CPU
		{EDA3CECD-3D9F-4795-8717-68E11DB441BC}.Release|Any CPU.Build.0 = Release|Any CPU
		{5B01F171-B40B-484C-A434-66E720EB7C78}.Debug|Any CPU.ActiveCfg = Debug|Any CPU
		{5B01F171-B40B-484C-A434-66E720EB7C78}.Debug|Any CPU.Build.0 = Debug|Any CPU
		{5B01F171-B40B-484C-A434-66E720EB7C78}.Release|Any CPU.ActiveCfg = Release|Any CPU
		{5B01F171-B40B-484C-A434-66E720EB7C78}.Release|Any CPU.Build.0 = Release|Any CPU
		{5BBC7813-9B63-4401-8DC8-EC874E0D4DAF}.Debug|Any CPU.ActiveCfg = Debug|Any CPU
		{5BBC7813-9B63-4401-8DC8-EC874E0D4DAF}.Debug|Any CPU.Build.0 = Debug|Any CPU
		{5BBC7813-9B63-4401-8DC8-EC874E0D4DAF}.Release|Any CPU.ActiveCfg = Release|Any CPU
		{5BBC7813-9B63-4401-8DC8-EC874E0D4DAF}.Release|Any CPU.Build.0 = Release|Any CPU
		{A9B61C58-E0BF-464D-9FA8-7AC6801D1C3A}.Debug|Any CPU.ActiveCfg = Debug|Any CPU
		{A9B61C58-E0BF-464D-9FA8-7AC6801D1C3A}.Debug|Any CPU.Build.0 = Debug|Any CPU
		{A9B61C58-E0BF-464D-9FA8-7AC6801D1C3A}.Release|Any CPU.ActiveCfg = Release|Any CPU
		{A9B61C58-E0BF-464D-9FA8-7AC6801D1C3A}.Release|Any CPU.Build.0 = Release|Any CPU
		{1A649121-9444-47D7-851A-DB45D7650A65}.Debug|Any CPU.ActiveCfg = Debug|Any CPU
		{1A649121-9444-47D7-851A-DB45D7650A65}.Debug|Any CPU.Build.0 = Debug|Any CPU
		{1A649121-9444-47D7-851A-DB45D7650A65}.Release|Any CPU.ActiveCfg = Release|Any CPU
		{1A649121-9444-47D7-851A-DB45D7650A65}.Release|Any CPU.Build.0 = Release|Any CPU
		{692FF77D-AD89-4818-9F44-EA50C55BA8B1}.Debug|Any CPU.ActiveCfg = Debug|Any CPU
		{692FF77D-AD89-4818-9F44-EA50C55BA8B1}.Debug|Any CPU.Build.0 = Debug|Any CPU
		{692FF77D-AD89-4818-9F44-EA50C55BA8B1}.Release|Any CPU.ActiveCfg = Release|Any CPU
		{692FF77D-AD89-4818-9F44-EA50C55BA8B1}.Release|Any CPU.Build.0 = Release|Any CPU
		{DCCE8507-13FC-457B-9BD4-4A1FAD22514A}.Debug|Any CPU.ActiveCfg = Debug|Any CPU
		{DCCE8507-13FC-457B-9BD4-4A1FAD22514A}.Debug|Any CPU.Build.0 = Debug|Any CPU
		{DCCE8507-13FC-457B-9BD4-4A1FAD22514A}.Release|Any CPU.ActiveCfg = Release|Any CPU
		{DCCE8507-13FC-457B-9BD4-4A1FAD22514A}.Release|Any CPU.Build.0 = Release|Any CPU
		{85E4C59C-222D-4FF5-A96E-9CC790CF224E}.Debug|Any CPU.ActiveCfg = Debug|Any CPU
		{85E4C59C-222D-4FF5-A96E-9CC790CF224E}.Debug|Any CPU.Build.0 = Debug|Any CPU
		{85E4C59C-222D-4FF5-A96E-9CC790CF224E}.Release|Any CPU.ActiveCfg = Release|Any CPU
		{85E4C59C-222D-4FF5-A96E-9CC790CF224E}.Release|Any CPU.Build.0 = Release|Any CPU
		{62DABA7C-50DC-449F-A4A9-CE7638146114}.Debug|Any CPU.ActiveCfg = Debug|Any CPU
		{62DABA7C-50DC-449F-A4A9-CE7638146114}.Debug|Any CPU.Build.0 = Debug|Any CPU
		{62DABA7C-50DC-449F-A4A9-CE7638146114}.Release|Any CPU.ActiveCfg = Release|Any CPU
		{62DABA7C-50DC-449F-A4A9-CE7638146114}.Release|Any CPU.Build.0 = Release|Any CPU
		{445BF4AA-4E38-4750-8BC7-24FF2167C836}.Debug|Any CPU.ActiveCfg = Debug|Any CPU
		{445BF4AA-4E38-4750-8BC7-24FF2167C836}.Debug|Any CPU.Build.0 = Debug|Any CPU
		{445BF4AA-4E38-4750-8BC7-24FF2167C836}.Release|Any CPU.ActiveCfg = Release|Any CPU
		{445BF4AA-4E38-4750-8BC7-24FF2167C836}.Release|Any CPU.Build.0 = Release|Any CPU
		{B03E2F47-154F-414D-BAEE-D71BD9D32F0B}.Debug|Any CPU.ActiveCfg = Debug|Any CPU
		{B03E2F47-154F-414D-BAEE-D71BD9D32F0B}.Debug|Any CPU.Build.0 = Debug|Any CPU
		{B03E2F47-154F-414D-BAEE-D71BD9D32F0B}.Release|Any CPU.ActiveCfg = Release|Any CPU
		{B03E2F47-154F-414D-BAEE-D71BD9D32F0B}.Release|Any CPU.Build.0 = Release|Any CPU
		{7BC715DD-EF46-4A57-80F0-B678A0BCF2BD}.Debug|Any CPU.ActiveCfg = Debug|Any CPU
		{7BC715DD-EF46-4A57-80F0-B678A0BCF2BD}.Debug|Any CPU.Build.0 = Debug|Any CPU
		{7BC715DD-EF46-4A57-80F0-B678A0BCF2BD}.Release|Any CPU.ActiveCfg = Release|Any CPU
		{7BC715DD-EF46-4A57-80F0-B678A0BCF2BD}.Release|Any CPU.Build.0 = Release|Any CPU
		{93557D21-8DD0-43C2-B9EA-D0334DBA53EA}.Debug|Any CPU.ActiveCfg = Debug|Any CPU
		{93557D21-8DD0-43C2-B9EA-D0334DBA53EA}.Debug|Any CPU.Build.0 = Debug|Any CPU
		{93557D21-8DD0-43C2-B9EA-D0334DBA53EA}.Release|Any CPU.ActiveCfg = Release|Any CPU
		{93557D21-8DD0-43C2-B9EA-D0334DBA53EA}.Release|Any CPU.Build.0 = Release|Any CPU
		{EB1AC690-E400-48D3-A28E-028E0E1D07F2}.Debug|Any CPU.ActiveCfg = Debug|Any CPU
		{EB1AC690-E400-48D3-A28E-028E0E1D07F2}.Debug|Any CPU.Build.0 = Debug|Any CPU
		{EB1AC690-E400-48D3-A28E-028E0E1D07F2}.Release|Any CPU.ActiveCfg = Release|Any CPU
		{EB1AC690-E400-48D3-A28E-028E0E1D07F2}.Release|Any CPU.Build.0 = Release|Any CPU
		{C53AE9AF-44F9-4E2F-A6E7-767757D30E24}.Debug|Any CPU.ActiveCfg = Debug|Any CPU
		{C53AE9AF-44F9-4E2F-A6E7-767757D30E24}.Debug|Any CPU.Build.0 = Debug|Any CPU
		{C53AE9AF-44F9-4E2F-A6E7-767757D30E24}.Release|Any CPU.ActiveCfg = Release|Any CPU
		{C53AE9AF-44F9-4E2F-A6E7-767757D30E24}.Release|Any CPU.Build.0 = Release|Any CPU
		{C0F387B2-6615-479B-93C6-9F66AB07FF31}.Debug|Any CPU.ActiveCfg = Debug|Any CPU
		{C0F387B2-6615-479B-93C6-9F66AB07FF31}.Debug|Any CPU.Build.0 = Debug|Any CPU
		{C0F387B2-6615-479B-93C6-9F66AB07FF31}.Release|Any CPU.ActiveCfg = Release|Any CPU
		{C0F387B2-6615-479B-93C6-9F66AB07FF31}.Release|Any CPU.Build.0 = Release|Any CPU
		{DFC05206-33B8-4F30-8827-B173A5C5000A}.Debug|Any CPU.ActiveCfg = Debug|Any CPU
		{DFC05206-33B8-4F30-8827-B173A5C5000A}.Debug|Any CPU.Build.0 = Debug|Any CPU
		{DFC05206-33B8-4F30-8827-B173A5C5000A}.Release|Any CPU.ActiveCfg = Release|Any CPU
		{DFC05206-33B8-4F30-8827-B173A5C5000A}.Release|Any CPU.Build.0 = Release|Any CPU
		{D11FD325-F422-43BB-8193-FA84D0F443CB}.Debug|Any CPU.ActiveCfg = Debug|Any CPU
		{D11FD325-F422-43BB-8193-FA84D0F443CB}.Debug|Any CPU.Build.0 = Debug|Any CPU
		{D11FD325-F422-43BB-8193-FA84D0F443CB}.Release|Any CPU.ActiveCfg = Release|Any CPU
		{D11FD325-F422-43BB-8193-FA84D0F443CB}.Release|Any CPU.Build.0 = Release|Any CPU
		{96D03C0F-CA7B-43B6-A7EC-BDD8AA60BA5F}.Debug|Any CPU.ActiveCfg = Debug|Any CPU
		{96D03C0F-CA7B-43B6-A7EC-BDD8AA60BA5F}.Debug|Any CPU.Build.0 = Debug|Any CPU
		{96D03C0F-CA7B-43B6-A7EC-BDD8AA60BA5F}.Release|Any CPU.ActiveCfg = Release|Any CPU
		{96D03C0F-CA7B-43B6-A7EC-BDD8AA60BA5F}.Release|Any CPU.Build.0 = Release|Any CPU
		{38195581-43DE-4896-9C1A-334B4CF9FC06}.Debug|Any CPU.ActiveCfg = Debug|Any CPU
		{38195581-43DE-4896-9C1A-334B4CF9FC06}.Debug|Any CPU.Build.0 = Debug|Any CPU
		{38195581-43DE-4896-9C1A-334B4CF9FC06}.Release|Any CPU.ActiveCfg = Release|Any CPU
		{38195581-43DE-4896-9C1A-334B4CF9FC06}.Release|Any CPU.Build.0 = Release|Any CPU
		{5273D32C-9021-4601-9CAD-3C22A5FC986C}.Debug|Any CPU.ActiveCfg = Debug|Any CPU
		{5273D32C-9021-4601-9CAD-3C22A5FC986C}.Debug|Any CPU.Build.0 = Debug|Any CPU
		{5273D32C-9021-4601-9CAD-3C22A5FC986C}.Release|Any CPU.ActiveCfg = Release|Any CPU
		{5273D32C-9021-4601-9CAD-3C22A5FC986C}.Release|Any CPU.Build.0 = Release|Any CPU
		{A421DEA1-180B-4BB9-B444-66C9C599EA36}.Debug|Any CPU.ActiveCfg = Debug|Any CPU
		{A421DEA1-180B-4BB9-B444-66C9C599EA36}.Debug|Any CPU.Build.0 = Debug|Any CPU
		{A421DEA1-180B-4BB9-B444-66C9C599EA36}.Release|Any CPU.ActiveCfg = Release|Any CPU
		{A421DEA1-180B-4BB9-B444-66C9C599EA36}.Release|Any CPU.Build.0 = Release|Any CPU
		{D910B24A-4D05-4E3E-9EA2-05B6D70E7B51}.Debug|Any CPU.ActiveCfg = Debug|Any CPU
		{D910B24A-4D05-4E3E-9EA2-05B6D70E7B51}.Debug|Any CPU.Build.0 = Debug|Any CPU
		{D910B24A-4D05-4E3E-9EA2-05B6D70E7B51}.Release|Any CPU.ActiveCfg = Release|Any CPU
		{D910B24A-4D05-4E3E-9EA2-05B6D70E7B51}.Release|Any CPU.Build.0 = Release|Any CPU
		{5FC87C7A-8126-4A47-999C-2246ED9D2733}.Debug|Any CPU.ActiveCfg = Debug|Any CPU
		{5FC87C7A-8126-4A47-999C-2246ED9D2733}.Debug|Any CPU.Build.0 = Debug|Any CPU
		{5FC87C7A-8126-4A47-999C-2246ED9D2733}.Release|Any CPU.ActiveCfg = Release|Any CPU
		{5FC87C7A-8126-4A47-999C-2246ED9D2733}.Release|Any CPU.Build.0 = Release|Any CPU
		{C132FF1D-7C7A-4A61-AA18-468020E0BB6E}.Debug|Any CPU.ActiveCfg = Debug|Any CPU
		{C132FF1D-7C7A-4A61-AA18-468020E0BB6E}.Debug|Any CPU.Build.0 = Debug|Any CPU
		{C132FF1D-7C7A-4A61-AA18-468020E0BB6E}.Release|Any CPU.ActiveCfg = Release|Any CPU
		{C132FF1D-7C7A-4A61-AA18-468020E0BB6E}.Release|Any CPU.Build.0 = Release|Any CPU
		{EC4700DC-ABD4-441A-B72B-B7D7553FC64D}.Debug|Any CPU.ActiveCfg = Debug|Any CPU
		{EC4700DC-ABD4-441A-B72B-B7D7553FC64D}.Debug|Any CPU.Build.0 = Debug|Any CPU
		{EC4700DC-ABD4-441A-B72B-B7D7553FC64D}.Release|Any CPU.ActiveCfg = Release|Any CPU
		{EC4700DC-ABD4-441A-B72B-B7D7553FC64D}.Release|Any CPU.Build.0 = Release|Any CPU
		{C4FCC1E6-405A-4187-ADBD-F929A17E6B7E}.Debug|Any CPU.ActiveCfg = Debug|Any CPU
		{C4FCC1E6-405A-4187-ADBD-F929A17E6B7E}.Debug|Any CPU.Build.0 = Debug|Any CPU
		{C4FCC1E6-405A-4187-ADBD-F929A17E6B7E}.Release|Any CPU.ActiveCfg = Release|Any CPU
		{C4FCC1E6-405A-4187-ADBD-F929A17E6B7E}.Release|Any CPU.Build.0 = Release|Any CPU
		{54E1F0B7-52F7-4486-A505-7C33FCF084DA}.Debug|Any CPU.ActiveCfg = Debug|Any CPU
		{54E1F0B7-52F7-4486-A505-7C33FCF084DA}.Debug|Any CPU.Build.0 = Debug|Any CPU
		{54E1F0B7-52F7-4486-A505-7C33FCF084DA}.Release|Any CPU.ActiveCfg = Release|Any CPU
		{54E1F0B7-52F7-4486-A505-7C33FCF084DA}.Release|Any CPU.Build.0 = Release|Any CPU
		{B6BD6B16-9896-4A3F-9458-CB30A25D1635}.Debug|Any CPU.ActiveCfg = Debug|Any CPU
		{B6BD6B16-9896-4A3F-9458-CB30A25D1635}.Debug|Any CPU.Build.0 = Debug|Any CPU
		{B6BD6B16-9896-4A3F-9458-CB30A25D1635}.Release|Any CPU.ActiveCfg = Release|Any CPU
		{B6BD6B16-9896-4A3F-9458-CB30A25D1635}.Release|Any CPU.Build.0 = Release|Any CPU
	EndGlobalSection
	GlobalSection(SolutionProperties) = preSolution
		HideSolutionNode = FALSE
	EndGlobalSection
	GlobalSection(NestedProjects) = preSolution
		{01CABA01-0561-416F-BB14-FB4FF95C94F6} = {172E71C1-3665-4675-B1E7-70065551B7E5}
		{AC0C522A-84C4-45E6-A6BC-8EA558EC6811} = {37397980-A8CE-4F4D-8791-B92CD3315E58}
		{92CE7E9D-4318-4B18-B51D-6A8E1390D2A8} = {37397980-A8CE-4F4D-8791-B92CD3315E58}
		{2A9FDA70-332B-411C-93A3-68B93F0E84F2} = {995A1CCD-27D2-470C-8E10-3623820ACA4A}
		{709CA232-CC9B-46B8-815A-5B171455F048} = {5B5B020B-6161-4222-902A-610A7B00226E}
		{95B769E7-8840-4838-B76F-2EAE3E3CF65A} = {645DB41C-E050-4784-A8DA-5D381B7DEB4F}
		{2CA69CE6-566B-41CE-A070-05EE2435B6E4} = {9E807712-CE3C-48DC-AE9D-CFFA749B19EB}
		{56D00D16-CD7A-40C6-9FE1-A11DE99DAD57} = {CE80AC20-997F-4D45-9A15-89662D60FED4}
		{2F9E7D12-26F2-4731-BE3C-F9C88EA32B91} = {1644F9C9-7DD4-4377-9547-F591DD867A35}
		{77EA2F08-AD61-4F58-9845-CAABD62CB046} = {09808340-C12A-46F9-A335-B6E64B84E236}
		{6D69CBC7-60DA-4396-B237-9A82F0E2BD6E} = {9E807712-CE3C-48DC-AE9D-CFFA749B19EB}
		{8D888B54-86E8-479F-8E6D-6E6C2B185DFE} = {9E807712-CE3C-48DC-AE9D-CFFA749B19EB}
		{00EFF9AC-665D-4561-8BAC-5EF1B75FB663} = {9E807712-CE3C-48DC-AE9D-CFFA749B19EB}
		{D78EB948-0CE6-46F4-8106-F54F103B2F88} = {9E807712-CE3C-48DC-AE9D-CFFA749B19EB}
		{CF6A2517-629B-4336-91CC-833EB4BA8F8B} = {9A57A006-CF73-48DB-8A12-844D7227CB3F}
		{282C4BAB-E4DD-4513-959F-1DB9CB9337C7} = {E77FF5B1-7A9F-4574-A658-518F0C6968CA}
		{3B70C6A3-C427-4450-A7C3-7A628F1F6EDA} = {E77FF5B1-7A9F-4574-A658-518F0C6968CA}
		{47DB5E40-8C56-4457-A79D-E3A69E304014} = {02B6B171-14F0-439A-B2E6-06A591DF549C}
		{8C0605FB-C780-4EFF-9EEC-92A613F51CFD} = {02B6B171-14F0-439A-B2E6-06A591DF549C}
		{EFE44F33-3D0A-4E21-ABDA-741E99E1AF45} = {02B6B171-14F0-439A-B2E6-06A591DF549C}
		{48A5719D-166F-4F25-AF4E-A62D532A061F} = {02B6B171-14F0-439A-B2E6-06A591DF549C}
		{318B625E-418F-4D1A-ABF3-FF61001A6B63} = {02B6B171-14F0-439A-B2E6-06A591DF549C}
		{6E18F35C-357F-48B6-917A-62C8F06EDC05} = {02B6B171-14F0-439A-B2E6-06A591DF549C}
		{97B7AB58-7011-4808-A6CE-16D418F6BC21} = {02B6B171-14F0-439A-B2E6-06A591DF549C}
		{C73D307D-9361-46B1-9117-CBB374C51802} = {02B6B171-14F0-439A-B2E6-06A591DF549C}
		{72289EA2-C0C0-4074-BE73-A0F5F125D409} = {02B6B171-14F0-439A-B2E6-06A591DF549C}
		{E503AED4-BDE8-4A5C-9E66-B5F76D6BAD3D} = {02B6B171-14F0-439A-B2E6-06A591DF549C}
		{CA77DF24-95B7-4D38-82B7-92A49CF03D4F} = {02B6B171-14F0-439A-B2E6-06A591DF549C}
		{C3D8B001-BEA7-46E0-AF5F-66C1EFEC010F} = {02B6B171-14F0-439A-B2E6-06A591DF549C}
		{D7AFA442-B124-4742-924B-7295674DE4B9} = {02B6B171-14F0-439A-B2E6-06A591DF549C}
		{8B9ED13C-1A78-4803-A5BB-ADFCE9D1BA04} = {02B6B171-14F0-439A-B2E6-06A591DF549C}
		{1CF34BF2-A667-4031-9DFB-5198A6D79448} = {02B6B171-14F0-439A-B2E6-06A591DF549C}
		{DF4A057A-0468-46D5-99FF-62FA5035F2F3} = {02B6B171-14F0-439A-B2E6-06A591DF549C}
		{97E1B054-8AE5-4008-AE55-6C27EC580741} = {02B6B171-14F0-439A-B2E6-06A591DF549C}
		{BF045399-AAF3-41B1-81D8-C576BF3AA3E2} = {02B6B171-14F0-439A-B2E6-06A591DF549C}
		{F657932A-8BEE-491D-8317-6C16652C1CAC} = {02B6B171-14F0-439A-B2E6-06A591DF549C}
		{7B8D8A18-AB6B-422C-8F3E-421F8B3446FC} = {02B6B171-14F0-439A-B2E6-06A591DF549C}
		{C11FF2F6-8AEE-4306-81FE-C001E16C73C5} = {02B6B171-14F0-439A-B2E6-06A591DF549C}
		{DFD4C2CD-12F8-4536-B644-1EA472E4FA79} = {02B6B171-14F0-439A-B2E6-06A591DF549C}
		{C9D9E406-F886-427D-821B-AC5155421894} = {02B6B171-14F0-439A-B2E6-06A591DF549C}
		{18BE2F55-6204-4AE9-B897-2C1F793A377C} = {02B6B171-14F0-439A-B2E6-06A591DF549C}
		{E0E343A3-9D1B-4D24-84FF-45138BA4DEC7} = {02B6B171-14F0-439A-B2E6-06A591DF549C}
		{253B2CAC-08B1-4237-92CB-8D5E068A556B} = {02B6B171-14F0-439A-B2E6-06A591DF549C}
		{E645351E-0102-4C94-939A-8242AA4C3029} = {02B6B171-14F0-439A-B2E6-06A591DF549C}
		{7257E7C9-BC49-4B74-B72A-D655C7E927D5} = {02B6B171-14F0-439A-B2E6-06A591DF549C}
		{7E23EC5B-CF96-4DA4-B58B-37294E22BB34} = {02B6B171-14F0-439A-B2E6-06A591DF549C}
		{15F7C532-FD6F-4A82-8CBE-726546E1AF53} = {02B6B171-14F0-439A-B2E6-06A591DF549C}
		{CF5D240B-D40B-4473-9E31-38526E2B7F06} = {02B6B171-14F0-439A-B2E6-06A591DF549C}
		{B5D2162F-76F0-4A41-914C-34D0D19B75F1} = {02B6B171-14F0-439A-B2E6-06A591DF549C}
		{6AE99851-B296-4592-AADE-307FDDDEA60A} = {02B6B171-14F0-439A-B2E6-06A591DF549C}
		{EDA3CECD-3D9F-4795-8717-68E11DB441BC} = {02B6B171-14F0-439A-B2E6-06A591DF549C}
		{5B01F171-B40B-484C-A434-66E720EB7C78} = {02B6B171-14F0-439A-B2E6-06A591DF549C}
		{5BBC7813-9B63-4401-8DC8-EC874E0D4DAF} = {02B6B171-14F0-439A-B2E6-06A591DF549C}
		{A9B61C58-E0BF-464D-9FA8-7AC6801D1C3A} = {02B6B171-14F0-439A-B2E6-06A591DF549C}
		{1A649121-9444-47D7-851A-DB45D7650A65} = {02B6B171-14F0-439A-B2E6-06A591DF549C}
		{692FF77D-AD89-4818-9F44-EA50C55BA8B1} = {02B6B171-14F0-439A-B2E6-06A591DF549C}
		{DCCE8507-13FC-457B-9BD4-4A1FAD22514A} = {02B6B171-14F0-439A-B2E6-06A591DF549C}
		{85E4C59C-222D-4FF5-A96E-9CC790CF224E} = {02B6B171-14F0-439A-B2E6-06A591DF549C}
		{62DABA7C-50DC-449F-A4A9-CE7638146114} = {02B6B171-14F0-439A-B2E6-06A591DF549C}
		{445BF4AA-4E38-4750-8BC7-24FF2167C836} = {02B6B171-14F0-439A-B2E6-06A591DF549C}
		{B03E2F47-154F-414D-BAEE-D71BD9D32F0B} = {40B83D52-04A6-4A01-A8D7-DBA9853A864D}
		{7BC715DD-EF46-4A57-80F0-B678A0BCF2BD} = {31231262-3795-475B-B645-C27C8D3D1AEE}
		{93557D21-8DD0-43C2-B9EA-D0334DBA53EA} = {31231262-3795-475B-B645-C27C8D3D1AEE}
		{EB1AC690-E400-48D3-A28E-028E0E1D07F2} = {31231262-3795-475B-B645-C27C8D3D1AEE}
		{C53AE9AF-44F9-4E2F-A6E7-767757D30E24} = {31231262-3795-475B-B645-C27C8D3D1AEE}
		{C0F387B2-6615-479B-93C6-9F66AB07FF31} = {31231262-3795-475B-B645-C27C8D3D1AEE}
		{DFC05206-33B8-4F30-8827-B173A5C5000A} = {A0E3D622-A288-42D9-8641-6904F7F9A8C7}
		{D11FD325-F422-43BB-8193-FA84D0F443CB} = {0366C2A1-943A-4662-882E-66B74EFE2165}
		{96D03C0F-CA7B-43B6-A7EC-BDD8AA60BA5F} = {96A7CA0F-35F6-4AE4-A952-0203B1E16466}
		{38195581-43DE-4896-9C1A-334B4CF9FC06} = {3F3BE050-EF15-4203-B4C6-52CB8E2F6462}
		{5273D32C-9021-4601-9CAD-3C22A5FC986C} = {A8B231E7-1651-4BAB-9268-0D00D5484D86}
		{A421DEA1-180B-4BB9-B444-66C9C599EA36} = {A8B231E7-1651-4BAB-9268-0D00D5484D86}
		{D910B24A-4D05-4E3E-9EA2-05B6D70E7B51} = {A8B231E7-1651-4BAB-9268-0D00D5484D86}
		{5FC87C7A-8126-4A47-999C-2246ED9D2733} = {A8B231E7-1651-4BAB-9268-0D00D5484D86}
		{C132FF1D-7C7A-4A61-AA18-468020E0BB6E} = {A8B231E7-1651-4BAB-9268-0D00D5484D86}
		{EC4700DC-ABD4-441A-B72B-B7D7553FC64D} = {A8B231E7-1651-4BAB-9268-0D00D5484D86}
		{C4FCC1E6-405A-4187-ADBD-F929A17E6B7E} = {11A1D987-B66F-4BEB-9DC9-7BDB1709022D}
		{54E1F0B7-52F7-4486-A505-7C33FCF084DA} = {11A1D987-B66F-4BEB-9DC9-7BDB1709022D}
		{B6BD6B16-9896-4A3F-9458-CB30A25D1635} = {1E21E466-0A0B-44AC-A3C4-BF39B0F9E9F9}
	EndGlobalSection
	GlobalSection(ExtensibilityGlobals) = postSolution
		SolutionGuid = {2D010DF2-DA18-4512-A76E-9BF84BBA6DE7}
	EndGlobalSection
EndGlobal
