
Microsoft Visual Studio Solution File, Format Version 12.00
# Visual Studio Version 17
VisualStudioVersion = 17.2.32616.157
MinimumVisualStudioVersion = 10.0.40219.1
Project("{FAE04EC0-301F-11D3-BF4B-00C04F79EFBC}") = "Variaveis", "Variaveis\Variaveis.csproj", "{01CABA01-0561-416F-BB14-FB4FF95C94F6}"
EndProject
Project("{FAE04EC0-301F-11D3-BF4B-00C04F79EFBC}") = "EntradaSaida", "EntradaSaida\EntradaSaida.csproj", "{AC0C522A-84C4-45E6-A6BC-8EA558EC6811}"
EndProject
Project("{FAE04EC0-301F-11D3-BF4B-00C04F79EFBC}") = "ExInverterNomes", "ExInverterNomes\ExInverterNomes.csproj", "{92CE7E9D-4318-4B18-B51D-6A8E1390D2A8}"
EndProject
Project("{FAE04EC0-301F-11D3-BF4B-00C04F79EFBC}") = "Conversao", "Conversao\Conversao.csproj", "{2A9FDA70-332B-411C-93A3-68B93F0E84F2}"
EndProject
Project("{FAE04EC0-301F-11D3-BF4B-00C04F79EFBC}") = "Operadores", "Operadores\Operadores.csproj", "{709CA232-CC9B-46B8-815A-5B171455F048}"
EndProject
Project("{FAE04EC0-301F-11D3-BF4B-00C04F79EFBC}") = "Array", "Array]\Array.csproj", "{95B769E7-8840-4838-B76F-2EAE3E3CF65A}"
EndProject
Project("{FAE04EC0-301F-11D3-BF4B-00C04F79EFBC}") = "Teste", "Teste\Teste.csproj", "{2CA69CE6-566B-41CE-A070-05EE2435B6E4}"
EndProject
Project("{FAE04EC0-301F-11D3-BF4B-00C04F79EFBC}") = "ManipularString", "ManipularString\ManipularString.csproj", "{56D00D16-CD7A-40C6-9FE1-A11DE99DAD57}"
EndProject
Project("{FAE04EC0-301F-11D3-BF4B-00C04F79EFBC}") = "ManipulaçãoDeNúmeros", "ManipulaçãoDeNúmeros\ManipulaçãoDeNúmeros.csproj", "{2F9E7D12-26F2-4731-BE3C-F9C88EA32B91}"
EndProject
Project("{FAE04EC0-301F-11D3-BF4B-00C04F79EFBC}") = "Colecoes", "Colecoes\Colecoes.csproj", "{77EA2F08-AD61-4F58-9845-CAABD62CB046}"
EndProject
Project("{FAE04EC0-301F-11D3-BF4B-00C04F79EFBC}") = "ClassesImportantes", "ClassesImportantes\ClassesImportantes.csproj", "{6D69CBC7-60DA-4396-B237-9A82F0E2BD6E}"
EndProject
Project("{FAE04EC0-301F-11D3-BF4B-00C04F79EFBC}") = "ThreadConsole", "ThreadConsole\ThreadConsole.csproj", "{8D888B54-86E8-479F-8E6D-6E6C2B185DFE}"
EndProject
Project("{FAE04EC0-301F-11D3-BF4B-00C04F79EFBC}") = "ThreadForms", "ThreadForms\ThreadForms.csproj", "{00EFF9AC-665D-4561-8BAC-5EF1B75FB663}"
EndProject
Project("{FAE04EC0-301F-11D3-BF4B-00C04F79EFBC}") = "TaskConsole", "TaskConsole\TaskConsole.csproj", "{D78EB948-0CE6-46F4-8106-F54F103B2F88}"
EndProject
Project("{FAE04EC0-301F-11D3-BF4B-00C04F79EFBC}") = "Formulario", "Formulario\Formulario.csproj", "{CF6A2517-629B-4336-91CC-833EB4BA8F8B}"
EndProject
Global
	GlobalSection(SolutionConfigurationPlatforms) = preSolution
		Debug|Any CPU = Debug|Any CPU
		Release|Any CPU = Release|Any CPU
	EndGlobalSection
	GlobalSection(ProjectConfigurationPlatforms) = postSolution
		{01CABA01-0561-416F-BB14-FB4FF95C94F6}.Debug|Any CPU.ActiveCfg = Debug|Any CPU
		{01CABA01-0561-416F-BB14-FB4FF95C94F6}.Debug|Any CPU.Build.0 = Debug|Any CPU
		{01CABA01-0561-416F-BB14-FB4FF95C94F6}.Release|Any CPU.ActiveCfg = Release|Any CPU
		{01CABA01-0561-416F-BB14-FB4FF95C94F6}.Release|Any CPU.Build.0 = Release|Any CPU
		{AC0C522A-84C4-45E6-A6BC-8EA558EC6811}.Debug|Any CPU.ActiveCfg = Debug|Any CPU
		{AC0C522A-84C4-45E6-A6BC-8EA558EC6811}.Debug|Any CPU.Build.0 = Debug|Any CPU
		{AC0C522A-84C4-45E6-A6BC-8EA558EC6811}.Release|Any CPU.ActiveCfg = Release|Any CPU
		{AC0C522A-84C4-45E6-A6BC-8EA558EC6811}.Release|Any CPU.Build.0 = Release|Any CPU
		{92CE7E9D-4318-4B18-B51D-6A8E1390D2A8}.Debug|Any CPU.ActiveCfg = Debug|Any CPU
		{92CE7E9D-4318-4B18-B51D-6A8E1390D2A8}.Debug|Any CPU.Build.0 = Debug|Any CPU
		{92CE7E9D-4318-4B18-B51D-6A8E1390D2A8}.Release|Any CPU.ActiveCfg = Release|Any CPU
		{92CE7E9D-4318-4B18-B51D-6A8E1390D2A8}.Release|Any CPU.Build.0 = Release|Any CPU
		{2A9FDA70-332B-411C-93A3-68B93F0E84F2}.Debug|Any CPU.ActiveCfg = Debug|Any CPU
		{2A9FDA70-332B-411C-93A3-68B93F0E84F2}.Debug|Any CPU.Build.0 = Debug|Any CPU
		{2A9FDA70-332B-411C-93A3-68B93F0E84F2}.Release|Any CPU.ActiveCfg = Release|Any CPU
		{2A9FDA70-332B-411C-93A3-68B93F0E84F2}.Release|Any CPU.Build.0 = Release|Any CPU
		{709CA232-CC9B-46B8-815A-5B171455F048}.Debug|Any CPU.ActiveCfg = Debug|Any CPU
		{709CA232-CC9B-46B8-815A-5B171455F048}.Debug|Any CPU.Build.0 = Debug|Any CPU
		{709CA232-CC9B-46B8-815A-5B171455F048}.Release|Any CPU.ActiveCfg = Release|Any CPU
		{709CA232-CC9B-46B8-815A-5B171455F048}.Release|Any CPU.Build.0 = Release|Any CPU
		{95B769E7-8840-4838-B76F-2EAE3E3CF65A}.Debug|Any CPU.ActiveCfg = Debug|Any CPU
		{95B769E7-8840-4838-B76F-2EAE3E3CF65A}.Debug|Any CPU.Build.0 = Debug|Any CPU
		{95B769E7-8840-4838-B76F-2EAE3E3CF65A}.Release|Any CPU.ActiveCfg = Release|Any CPU
		{95B769E7-8840-4838-B76F-2EAE3E3CF65A}.Release|Any CPU.Build.0 = Release|Any CPU
		{2CA69CE6-566B-41CE-A070-05EE2435B6E4}.Debug|Any CPU.ActiveCfg = Debug|Any CPU
		{2CA69CE6-566B-41CE-A070-05EE2435B6E4}.Debug|Any CPU.Build.0 = Debug|Any CPU
		{2CA69CE6-566B-41CE-A070-05EE2435B6E4}.Release|Any CPU.ActiveCfg = Release|Any CPU
		{2CA69CE6-566B-41CE-A070-05EE2435B6E4}.Release|Any CPU.Build.0 = Release|Any CPU
		{56D00D16-CD7A-40C6-9FE1-A11DE99DAD57}.Debug|Any CPU.ActiveCfg = Debug|Any CPU
		{56D00D16-CD7A-40C6-9FE1-A11DE99DAD57}.Debug|Any CPU.Build.0 = Debug|Any CPU
		{56D00D16-CD7A-40C6-9FE1-A11DE99DAD57}.Release|Any CPU.ActiveCfg = Release|Any CPU
		{56D00D16-CD7A-40C6-9FE1-A11DE99DAD57}.Release|Any CPU.Build.0 = Release|Any CPU
		{2F9E7D12-26F2-4731-BE3C-F9C88EA32B91}.Debug|Any CPU.ActiveCfg = Debug|Any CPU
		{2F9E7D12-26F2-4731-BE3C-F9C88EA32B91}.Debug|Any CPU.Build.0 = Debug|Any CPU
		{2F9E7D12-26F2-4731-BE3C-F9C88EA32B91}.Release|Any CPU.ActiveCfg = Release|Any CPU
		{2F9E7D12-26F2-4731-BE3C-F9C88EA32B91}.Release|Any CPU.Build.0 = Release|Any CPU
		{77EA2F08-AD61-4F58-9845-CAABD62CB046}.Debug|Any CPU.ActiveCfg = Debug|Any CPU
		{77EA2F08-AD61-4F58-9845-CAABD62CB046}.Debug|Any CPU.Build.0 = Debug|Any CPU
		{77EA2F08-AD61-4F58-9845-CAABD62CB046}.Release|Any CPU.ActiveCfg = Release|Any CPU
		{77EA2F08-AD61-4F58-9845-CAABD62CB046}.Release|Any CPU.Build.0 = Release|Any CPU
		{6D69CBC7-60DA-4396-B237-9A82F0E2BD6E}.Debug|Any CPU.ActiveCfg = Debug|Any CPU
		{6D69CBC7-60DA-4396-B237-9A82F0E2BD6E}.Debug|Any CPU.Build.0 = Debug|Any CPU
		{6D69CBC7-60DA-4396-B237-9A82F0E2BD6E}.Release|Any CPU.ActiveCfg = Release|Any CPU
		{6D69CBC7-60DA-4396-B237-9A82F0E2BD6E}.Release|Any CPU.Build.0 = Release|Any CPU
		{8D888B54-86E8-479F-8E6D-6E6C2B185DFE}.Debug|Any CPU.ActiveCfg = Debug|Any CPU
		{8D888B54-86E8-479F-8E6D-6E6C2B185DFE}.Debug|Any CPU.Build.0 = Debug|Any CPU
		{8D888B54-86E8-479F-8E6D-6E6C2B185DFE}.Release|Any CPU.ActiveCfg = Release|Any CPU
		{8D888B54-86E8-479F-8E6D-6E6C2B185DFE}.Release|Any CPU.Build.0 = Release|Any CPU
		{00EFF9AC-665D-4561-8BAC-5EF1B75FB663}.Debug|Any CPU.ActiveCfg = Debug|Any CPU
		{00EFF9AC-665D-4561-8BAC-5EF1B75FB663}.Debug|Any CPU.Build.0 = Debug|Any CPU
		{00EFF9AC-665D-4561-8BAC-5EF1B75FB663}.Release|Any CPU.ActiveCfg = Release|Any CPU
		{00EFF9AC-665D-4561-8BAC-5EF1B75FB663}.Release|Any CPU.Build.0 = Release|Any CPU
		{D78EB948-0CE6-46F4-8106-F54F103B2F88}.Debug|Any CPU.ActiveCfg = Debug|Any CPU
		{D78EB948-0CE6-46F4-8106-F54F103B2F88}.Debug|Any CPU.Build.0 = Debug|Any CPU
		{D78EB948-0CE6-46F4-8106-F54F103B2F88}.Release|Any CPU.ActiveCfg = Release|Any CPU
		{D78EB948-0CE6-46F4-8106-F54F103B2F88}.Release|Any CPU.Build.0 = Release|Any CPU
		{CF6A2517-629B-4336-91CC-833EB4BA8F8B}.Debug|Any CPU.ActiveCfg = Debug|Any CPU
		{CF6A2517-629B-4336-91CC-833EB4BA8F8B}.Debug|Any CPU.Build.0 = Debug|Any CPU
		{CF6A2517-629B-4336-91CC-833EB4BA8F8B}.Release|Any CPU.ActiveCfg = Release|Any CPU
		{CF6A2517-629B-4336-91CC-833EB4BA8F8B}.Release|Any CPU.Build.0 = Release|Any CPU
	EndGlobalSection
	GlobalSection(SolutionProperties) = preSolution
		HideSolutionNode = FALSE
	EndGlobalSection
	GlobalSection(ExtensibilityGlobals) = postSolution
		SolutionGuid = {2D010DF2-DA18-4512-A76E-9BF84BBA6DE7}
	EndGlobalSection
EndGlobal
